dependencies:
- name: nginx-ingress
  repository: file://../nginx-ingress
  version: 0.16.1
- name: mysql
  repository: file://../mysql
  version: 1.6.9
- name: redis-cluster
  repository: file://../redis-cluster
  version: 7.1.0
- name: mongodb
  repository: file://../mongodb
  version: 13.6.2
- name: minio
  repository: file://../minio
  version: 5.0.33
- name: fluent-bit
  repository: file://../fluent-bit
  version: 2.10.3
- name: kafka
  repository: file://../kafka
  version: 20.0.2
- name: elasticsearch
  repository: file://../elasticsearch
  version: 17.9.24
- name: polygate
  repository: ""
  version: 0.1.0
- name: audit
  repository: ""
  version: 0.1.0
- name: entrepot
  repository: ""
  version: 0.1.0
- name: fileserver
  repository: ""
  version: 0.1.0
- name: implant
  repository: ""
  version: 0.1.0
- name: serving
  repository: ""
  version: 0.1.0
- name: appcenter
  repository: ""
  version: 0.1.0
- name: form
  repository: ""
  version: 0.1.0
- name: flow
  repository: ""
  version: 0.1.0
- name: goalie
  repository: ""
  version: 0.1.0
- name: polyapi
  repository: ""
  version: 0.1.0
- name: process
  repository: ""
  version: 0.1.0
- name: kms
  repository: ""
  version: 0.1.0
- name: search
  repository: ""
  version: 0.1.0
- name: dispatcher
  repository: ""
  version: 0.1.0
- name: organizations
  repository: ""
  version: 0.1.0
- name: persona
  repository: ""
  version: 0.1.0
- name: faas
  repository: ""
  version: 0.1.0
- name: message
  repository: ""
  version: 0.1.0
- name: warden
  repository: ""
  version: 0.1.0
- name: web-process
  repository: ""
  version: 0.1.0
- name: qxp-web-nginx
  repository: ""
  version: 0.1.0
- name: qxp-web-home
  repository: ""
  version: 0.1.0
- name: qxp-web-portal
  repository: ""
  version: 0.1.0
- name: qxp-web-vendors
  repository: ""
  version: 0.1.0
- name: init-job
  repository: ""
  version: 0.1.0
digest: sha256:ee4aa501e1a96c6355c3a9090506e1b19fd4bc9e459c9e259b7c8a8b4afc3e0f
generated: "2023-02-01T16:26:34.004025+08:00"
